// !$*UTF8*$!
{
	archiveVersion = 1;
	classes = {
	};
	objectVersion = 77;
	objects = {

/* Begin PBXContainerItemProxy section */
		9DB0A7AF2F9CA62F00B68DCE /* PBXContainerItemProxy */ = {
			isa = PBXContainerItemProxy;
			containerPortal = 9DB0A78D2F9CA62C00B68DCE /* Project object */;
			proxyType = 1;
			remoteGlobalIDString = 9DB0A7942F9CA62C00B68DCE;
			remoteInfo = Thaeqaty;
		};
		9DB0A7B92F9CA62F00B68DCE /* PBXContainerItemProxy */ = {
			isa = PBXContainerItemProxy;
			containerPortal = 9DB0A78D2F9CA62C00B68DCE /* Project object */;
			proxyType = 1;
			remoteGlobalIDString = 9DB0A7942F9CA62C00B68DCE;
			remoteInfo = Thaeqaty;
		};
/* End PBXContainerItemProxy section */

/* Begin PBXFileReference section */
		9DB0A7952F9CA62C00B68DCE /* Thaeqaty.app */ = {isa = PBXFileReference; explicitFileType = wrapper.application; includeInIndex = 0; path = Thaeqaty.app; sourceTree = BUILT_PRODUCTS_DIR; };
		9DB0A7AE2F9CA62F00B68DCE /* ThaeqatyTests.xctest */ = {isa = PBXFileReference; explicitFileType = wrapper.cfbundle; includeInIndex = 0; path = ThaeqatyTests.xctest; sourceTree = BUILT_PRODUCTS_DIR; };
		9DB0A7B82F9CA62F00B68DCE /* ThaeqatyUITests.xctest */ = {isa = PBXFileReference; explicitFileType = wrapper.cfbundle; includeInIndex = 0; path = ThaeqatyUITests.xctest; sourceTree = BUILT_PRODUCTS_DIR; };
/* End PBXFileReference section */

/* Begin PBXFileSystemSynchronizedBuildFileExceptionSet section */
		9DB0A7C02F9CA62F00B68DCE /* Exceptions for "Thaeqaty" folder in "Thaeqaty" target */ = {
			isa = PBXFileSystemSynchronizedBuildFileExceptionSet;
			membershipExceptions = (
				Info.plist,
			);
			target = 9DB0A7942F9CA62C00B68DCE /* Thaeqaty */;
		};
/* End PBXFileSystemSynchronizedBuildFileExceptionSet section */

/* Begin PBXFileSystemSynchronizedRootGroup section */
		9DB0A7972F9CA62C00B68DCE /* Thaeqaty */ = {
			isa = PBXFileSystemSynchronizedRootGroup;
			exceptions = (
				9DB0A7C02F9CA62F00B68DCE /* Exceptions for "Thaeqaty" folder in "Thaeqaty" target */,
			);
			path = Thaeqaty;
			sourceTree = "<group>";
		};
		9DB0A7B12F9CA62F00B68DCE /* ThaeqatyTests */ = {
			isa = PBXFileSystemSynchronizedRootGroup;
			path = ThaeqatyTests;
			sourceTree = "<group>";
		};
		9DB0A7BB2F9CA62F00B68DCE /* ThaeqatyUITests */ = {
			isa = PBXFileSystemSynchronizedRootGroup;
			path = ThaeqatyUITests;
			sourceTree = "<group>";
		};
/* End PBXFileSystemSynchronizedRootGroup section */

/* Begin PBXFrameworksBuildPhase section */
		9DB0A7922F9CA62C00B68DCE /* Frameworks */ = {
			isa = PBXFrameworksBuildPhase;
			buildActionMask = 2147483647;
			files = (
			);
			runOnlyForDeploymentPostprocessing = 0;
		};
		9DB0A7AB2F9CA62F00B68DCE /* Frameworks */ = {
			isa = PBXFrameworksBuildPhase;
			buildActionMask = 2147483647;
			files = (
			);
			runOnlyForDeploymentPostprocessing = 0;
		};
		9DB0A7B52F9CA62F00B68DCE /* Frameworks */ = {
			isa = PBXFrameworksBuildPhase;
			buildActionMask = 2147483647;
			files = (
			);
			runOnlyForDeploymentPostprocessing = 0;
		};
/* End PBXFrameworksBuildPhase section */

/* Begin PBXGroup section */
		9DB0A78C2F9CA62C00B68DCE = {
			isa = PBXGroup;
			children = (
				9DB0A7972F9CA62C00B68DCE /* Thaeqaty */,
				9DB0A7B12F9CA62F00B68DCE /* ThaeqatyTests */,
				9DB0A7BB2F9CA62F00B68DCE /* ThaeqatyUITests */,
				9DB0A7962F9CA62C00B68DCE /* Products */,
			);
			sourceTree = "<group>";
		};
		9DB0A7962F9CA62C00B68DCE /* Products */ = {
			isa = PBXGroup;
			children = (
				9DB0A7952F9CA62C00B68DCE /* Thaeqaty.app */,
				9DB0A7AE2F9CA62F00B68DCE /* ThaeqatyTests.xctest */,
				9DB0A7B82F9CA62F00B68DCE /* ThaeqatyUITests.xctest */,
			);
			name = Products;
			sourceTree = "<group>";
		};
/* End PBXGroup section */

/* Begin PBXNativeTarget section */
		9DB0A7942F9CA62C00B68DCE /* Thaeqaty */ = {
			isa = PBXNativeTarget;
			buildConfigurationList = 9DB0A7C12F9CA62F00B68DCE /* Build configuration list for PBXNativeTarget "Thaeqaty" */;
			buildPhases = (
				9DB0A7912F9CA62C00B68DCE /* Sources */,
				9DB0A7922F9CA62C00B68DCE /* Frameworks */,
				9DB0A7932F9CA62C00B68DCE /* Resources */,
			);
			buildRules = (
			);
			dependencies = (
			);
			fileSystemSynchronizedGroups = (
				9DB0A7972F9CA62C00B68DCE /* Thaeqaty */,
			);
			name = Thaeqaty;
			packageProductDependencies = (
			);
			productName = Thaeqaty;
			productReference = 9DB0A7952F9CA62C00B68DCE /* Thaeqaty.app */;
			productType = "com.apple.product-type.application";
		};
		9DB0A7AD2F9CA62F00B68DCE /* ThaeqatyTests */ = {
			isa = PBXNativeTarget;
			buildConfigurationList = 9DB0A7C62F9CA62F00B68DCE /* Build configuration list for PBXNativeTarget "ThaeqatyTests" */;
			buildPhases = (
				9DB0A7AA2F9CA62F00B68DCE /* Sources */,
				9DB0A7AB2F9CA62F00B68DCE /* Frameworks */,
				9DB0A7AC2F9CA62F00B68DCE /* Resources */,
			);
			buildRules = (
			);
			dependencies = (
				9DB0A7B02F9CA62F00B68DCE /* PBXTargetDependency */,
			);
			fileSystemSynchronizedGroups = (
				9DB0A7B12F9CA62F00B68DCE /* ThaeqatyTests */,
			);
			name = ThaeqatyTests;
			packageProductDependencies = (
			);
			productName = ThaeqatyTests;
			productReference = 9DB0A7AE2F9CA62F00B68DCE /* ThaeqatyTests.xctest */;
			productType = "com.apple.product-type.bundle.unit-test";
		};
		9DB0A7B72F9CA62F00B68DCE /* ThaeqatyUITests */ = {
			isa = PBXNativeTarget;
			buildConfigurationList = 9DB0A7C92F9CA62F00B68DCE /* Build configuration list for PBXNativeTarget "ThaeqatyUITests" */;
			buildPhases = (
				9DB0A7B42F9CA62F00B68DCE /* Sources */,
				9DB0A7B52F9CA62F00B68DCE /* Frameworks */,
				9DB0A7B62F9CA62F00B68DCE /* Resources */,
			);
			buildRules = (
			);
			dependencies = (
				9DB0A7BA2F9CA62F00B68DCE /* PBXTargetDependency */,
			);
			fileSystemSynchronizedGroups = (
				9DB0A7BB2F9CA62F00B68DCE /* ThaeqatyUITests */,
			);
			name = ThaeqatyUITests;
			packageProductDependencies = (
			);
			productName = ThaeqatyUITests;
			productReference = 9DB0A7B82F9CA62F00B68DCE /* ThaeqatyUITests.xctest */;
			productType = "com.apple.product-type.bundle.ui-testing";
		};
/* End PBXNativeTarget section */

/* Begin PBXProject section */
		9DB0A78D2F9CA62C00B68DCE /* Project object */ = {
			isa = PBXProject;
			attributes = {
				BuildIndependentTargetsInParallel = 1;
				LastSwiftUpdateCheck = 2630;
				LastUpgradeCheck = 2630;
				TargetAttributes = {
					9DB0A7942F9CA62C00B68DCE = {
						CreatedOnToolsVersion = 26.3;
					};
					9DB0A7AD2F9CA62F00B68DCE = {
						CreatedOnToolsVersion = 26.3;
						TestTargetID = 9DB0A7942F9CA62C00B68DCE;
					};
					9DB0A7B72F9CA62F00B68DCE = {
						CreatedOnToolsVersion = 26.3;
						TestTargetID = 9DB0A7942F9CA62C00B68DCE;
					};
				};
			};
			buildConfigurationList = 9DB0A7902F9CA62C00B68DCE /* Build configuration list for PBXProject "Thaeqaty" */;
			developmentRegion = en;
			hasScannedForEncodings = 0;
			knownRegions = (
				en,
				Base,
			);
			mainGroup = 9DB0A78C2F9CA62C00B68DCE;
			minimizedProjectReferenceProxies = 1;
			preferredProjectObjectVersion = 77;
			productRefGroup = 9DB0A7962F9CA62C00B68DCE /* Products */;
			projectDirPath = "";
			projectRoot = "";
			targets = (
				9DB0A7942F9CA62C00B68DCE /* Thaeqaty */,
				9DB0A7AD2F9CA62F00B68DCE /* ThaeqatyTests */,
				9DB0A7B72F9CA62F00B68DCE /* ThaeqatyUITests */,
			);
		};
/* End PBXProject section */

/* Begin PBXResourcesBuildPhase section */
		9DB0A7932F9CA62C00B68DCE /* Resources */ = {
			isa = PBXResourcesBuildPhase;
			buildActionMask = 2147483647;
			files = (
			);
			runOnlyForDeploymentPostprocessing = 0;
		};
		9DB0A7AC2F9CA62F00B68DCE /* Resources */ = {
			isa = PBXResourcesBuildPhase;
			buildActionMask = 2147483647;
			files = (
			);
			runOnlyForDeploymentPostprocessing = 0;
		};
		9DB0A7B62F9CA62F00B68DCE /* Resources */ = {
			isa = PBXResourcesBuildPhase;
			buildActionMask = 2147483647;
			files = (
			);
			runOnlyForDeploymentPostprocessing = 0;
		};
/* End PBXResourcesBuildPhase section */

/* Begin PBXSourcesBuildPhase section */
		9DB0A7912F9CA62C00B68DCE /* Sources */ = {
			isa = PBXSourcesBuildPhase;
			buildActionMask = 2147483647;
			files = (
			);
			runOnlyForDeploymentPostprocessing = 0;
		};
		9DB0A7AA2F9CA62F00B68DCE /* Sources */ = {
			isa = PBXSourcesBuildPhase;
			buildActionMask = 2147483647;
			files = (
			);
			runOnlyForDeploymentPostprocessing = 0;
		};
		9DB0A7B42F9CA62F00B68DCE /* Sources */ = {
			isa = PBXSourcesBuildPhase;
			buildActionMask = 2147483647;
			files = (
			);
			runOnlyForDeploymentPostprocessing = 0;
		};
/* End PBXSourcesBuildPhase section */

/* Begin PBXTargetDependency section */
		9DB0A7B02F9CA62F00B68DCE /* PBXTargetDependency */ = {
			isa = PBXTargetDependency;
			target = 9DB0A7942F9CA62C00B68DCE /* Thaeqaty */;
			targetProxy = 9DB0A7AF2F9CA62F00B68DCE /* PBXContainerItemProxy */;
		};
		9DB0A7BA2F9CA62F00B68DCE /* PBXTargetDependency */ = {
			isa = PBXTargetDependency;
			target = 9DB0A7942F9CA62C00B68DCE /* Thaeqaty */;
			targetProxy = 9DB0A7B92F9CA62F00B68DCE /* PBXContainerItemProxy */;
		};
/* End PBXTargetDependency section */

/* Begin XCBuildConfiguration section */
		9DB0A7C22F9CA62F00B68DCE /* Debug */ = {
			isa = XCBuildConfiguration;
			buildSettings = {
				ASSETCATALOG_COMPILER_APPICON_NAME = AppIcon;
				ASSETCATALOG_COMPILER_GLOBAL_ACCENT_COLOR_NAME = AccentColor;
				CODE_SIGN_STYLE = Automatic;
				CURRENT_PROJECT_VERSION = 1;
				DEVELOPMENT_TEAM = 59VU7DVLCC;
				GENERATE_INFOPLIST_FILE = YES;
				INFOPLIST_FILE = Thaeqaty/Info.plist;
				INFOPLIST_KEY_LSApplicationCategoryType = "public.app-category.food-and-drink";
				INFOPLIST_KEY_UIApplicationSupportsIndirectInputEvents = YES;
				INFOPLIST_KEY_UILaunchStoryboardName = LaunchScreen;
				INFOPLIST_KEY_UIMainStoryboardFile = Main;
				INFOPLIST_KEY_UISupportedInterfaceOrientations = UIInterfaceOrientationPortrait;
				INFOPLIST_KEY_UISupportedInterfaceOrientations_iPad = "UIInterfaceOrientationLandscapeLeft UIInterfaceOrientationLandscapeRight UIInterfaceOrientationPortrait UIInterfaceOrientationPortraitUpsideDown";
				IPHONEOS_DEPLOYMENT_TARGET = 15.6;
				LD_RUNPATH_SEARCH_PATHS = (
					"$(inherited)",
					"@executable_path/Frameworks",
				);
				MARKETING_VERSION = 1.0.0;
				PRODUCT_BUNDLE_IDENTIFIER = com.HAD.Thaeqaty;
				PRODUCT_NAME = "$(TARGET_NAME)";
				STRING_CATALOG_GENERATE_SYMBOLS = YES;
				SUPPORTED_PLATFORMS = "iphoneos iphonesimulator";
				SUPPORTS_MACCATALYST = NO;
				SUPPORTS_MAC_DESIGNED_FOR_IPHONE_IPAD = NO;
				SUPPORTS_XR_DESIGNED_FOR_IPHONE_IPAD = NO;
				SWIFT_APPROACHABLE_CONCURRENCY = YES;
				SWIFT_DEFAULT_ACTOR_ISOLATION = MainActor;
				SWIFT_EMIT_LOC_STRINGS = YES;
				SWIFT_UPCOMING_FEATURE_MEMBER_IMPORT_VISIBILITY = YES;
				SWIFT_VERSION = 5.0;
				TARGETED_DEVICE_FAMILY = 1;
			};
			name = Debug;
		};
		9DB0A7C32F9CA62F00B68DCE /* Release */ = {
			isa = XCBuildConfiguration;
			buildSettings = {
				ASSETCATALOG_COMPILER_APPICON_NAME = AppIcon;
				ASSETCATALOG_COMPILER_GLOBAL_ACCENT_COLOR_NAME = AccentColor;
				CODE_SIGN_STYLE = Automatic;
				CURRENT_PROJECT_VERSION = 1;
				DEVELOPMENT_TEAM = 59VU7DVLCC;
				GENERATE_INFOPLIST_FILE = YES;
				INFOPLIST_FILE = Thaeqaty/Info.plist;
				INFOPLIST_KEY_LSApplicationCategoryType = "public.app-category.food-and-drink";
				INFOPLIST_KEY_UIApplicationSupportsIndirectInputEvents = YES;
				INFOPLIST_KEY_UILaunchStoryboardName = LaunchScreen;
				INFOPLIST_KEY_UIMainStoryboardFile = Main;
				INFOPLIST_KEY_UISupportedInterfaceOrientations = UIInterfaceOrientationPortrait;
				INFOPLIST_KEY_UISupportedInterfaceOrientations_iPad = "UIInterfaceOrientationLandscapeLeft UIInterfaceOrientationLandscapeRight UIInterfaceOrientationPortrait UIInterfaceOrientationPortraitUpsideDown";
				IPHONEOS_DEPLOYMENT_TARGET = 15.6;
				LD_RUNPATH_SEARCH_PATHS = (
					"$(inherited)",
					"@executable_path/Frameworks",
				);
				MARKETING_VERSION = 1.0.0;
				PRODUCT_BUNDLE_IDENTIFIER = com.HAD.Thaeqaty;
				PRODUCT_NAME = "$(TARGET_NAME)";
				STRING_CATALOG_GENERATE_SYMBOLS = YES;
				SUPPORTED_PLATFORMS = "iphoneos iphonesimulator";
				SUPPORTS_MACCATALYST = NO;
				SUPPORTS_MAC_DESIGNED_FOR_IPHONE_IPAD = NO;
				SUPPORTS_XR_DESIGNED_FOR_IPHONE_IPAD = NO;
				SWIFT_APPROACHABLE_CONCURRENCY = YES;
				SWIFT_DEFAULT_ACTOR_ISOLATION = MainActor;
				SWIFT_EMIT_LOC_STRINGS = YES;
				SWIFT_UPCOMING_FEATURE_MEMBER_IMPORT_VISIBILITY = YES;
				SWIFT_VERSION = 5.0;
				TARGETED_DEVICE_FAMILY = 1;
			};
			name = Release;
		};
		9DB0A7C42F9CA62F00B68DCE /* Debug */ = {
			isa = XCBuildConfiguration;
			buildSettings = {
				ALWAYS_SEARCH_USER_PATHS = NO;
				ASSETCATALOG_COMPILER_GENERATE_SWIFT_ASSET_SYMBOL_EXTENSIONS = YES;
				CLANG_ANALYZER_NONNULL = YES;
				CLANG_ANALYZER_NUMBER_OBJECT_CONVERSION = YES_AGGRESSIVE;
				CLANG_CXX_LANGUAGE_STANDARD = "gnu++20";
				CLANG_ENABLE_MODULES = YES;
				CLANG_ENABLE_OBJC_ARC = YES;
				CLANG_ENABLE_OBJC_WEAK = YES;
				CLANG_WARN_BLOCK_CAPTURE_AUTORELEASING = YES;
				CLANG_WARN_BOOL_CONVERSION = YES;
				CLANG_WARN_COMMA = YES;
				CLANG_WARN_CONSTANT_CONVERSION = YES;
				CLANG_WARN_DEPRECATED_OBJC_IMPLEMENTATIONS = YES;
				CLANG_WARN_DIRECT_OBJC_ISA_USAGE = YES_ERROR;
				CLANG_WARN_DOCUMENTATION_COMMENTS = YES;
				CLANG_WARN_EMPTY_BODY = YES;
				CLANG_WARN_ENUM_CONVERSION = YES;
				CLANG_WARN_INFINITE_RECURSION = YES;
				CLANG_WARN_INT_CONVERSION = YES;
				CLANG_WARN_NON_LITERAL_NULL_CONVERSION = YES;
				CLANG_WARN_OBJC_IMPLICIT_RETAIN_SELF = YES;
				CLANG_WARN_OBJC_LITERAL_CONVERSION = YES;
				CLANG_WARN_OBJC_ROOT_CLASS = YES_ERROR;
				CLANG_WARN_QUOTED_INCLUDE_IN_FRAMEWORK_HEADER = YES;
				CLANG_WARN_RANGE_LOOP_ANALYSIS = YES;
				CLANG_WARN_STRICT_PROTOTYPES = YES;
				CLANG_WARN_SUSPICIOUS_MOVE = YES;
				CLANG_WARN_UNGUARDED_AVAILABILITY = YES_AGGRESSIVE;
				CLANG_WARN_UNREACHABLE_CODE = YES;
				CLANG_WARN__DUPLICATE_METHOD_MATCH = YES;
				COPY_PHASE_STRIP = NO;
				DEBUG_INFORMATION_FORMAT = dwarf;
				DEVELOPMENT_TEAM = 59VU7DVLCC;
				ENABLE_STRICT_OBJC_MSGSEND = YES;
				ENABLE_TESTABILITY = YES;
				ENABLE_USER_SCRIPT_SANDBOXING = YES;
				GCC_C_LANGUAGE_STANDARD = gnu17;
				GCC_DYNAMIC_NO_PIC = NO;
				GCC_NO_COMMON_BLOCKS = YES;
				GCC_OPTIMIZATION_LEVEL = 0;
				GCC_PREPROCESSOR_DEFINITIONS = (
					"DEBUG=1",
					"$(inherited)",
				);
				GCC_WARN_64_TO_32_BIT_CONVERSION = YES;
				GCC_WARN_ABOUT_RETURN_TYPE = YES_ERROR;
				GCC_WARN_UNDECLARED_SELECTOR = YES;
				GCC_WARN_UNINITIALIZED_AUTOS = YES_AGGRESSIVE;
				GCC_WARN_UNUSED_FUNCTION = YES;
				GCC_WARN_UNUSED_VARIABLE = YES;
				IPHONEOS_DEPLOYMENT_TARGET = 26.2;
				LOCALIZATION_PREFERS_STRING_CATALOGS = YES;
				MTL_ENABLE_DEBUG_INFO = INCLUDE_SOURCE;
				MTL_FAST_MATH = YES;
				ONLY_ACTIVE_ARCH = YES;
				SDKROOT = iphoneos;
				SWIFT_ACTIVE_COMPILATION_CONDITIONS = "DEBUG $(inherited)";
				SWIFT_OPTIMIZATION_LEVEL = "-Onone";
			};
			name = Debug;
		};
		9DB0A7C52F9CA62F00B68DCE /* Release */ = {
			isa = XCBuildConfiguration;
			buildSettings = {
				ALWAYS_SEARCH_USER_PATHS = NO;
				ASSETCATALOG_COMPILER_GENERATE_SWIFT_ASSET_SYMBOL_EXTENSIONS = YES;
				CLANG_ANALYZER_NONNULL = YES;
				CLANG_ANALYZER_NUMBER_OBJECT_CONVERSION = YES_AGGRESSIVE;
				CLANG_CXX_LANGUAGE_STANDARD = "gnu++20";
				CLANG_ENABLE_MODULES = YES;
				CLANG_ENABLE_OBJC_ARC = YES;
				CLANG_ENABLE_OBJC_WEAK = YES;
				CLANG_WARN_BLOCK_CAPTURE_AUTORELEASING = YES;
				CLANG_WARN_BOOL_CONVERSION = YES;
				CLANG_WARN_COMMA = YES;
				CLANG_WARN_CONSTANT_CONVERSION = YES;
				CLANG_WARN_DEPRECATED_OBJC_IMPLEMENTATIONS = YES;
				CLANG_WARN_DIRECT_OBJC_ISA_USAGE = YES_ERROR;
				CLANG_WARN_DOCUMENTATION_COMMENTS = YES;
				CLANG_WARN_EMPTY_BODY = YES;
				CLANG_WARN_ENUM_CONVERSION = YES;
				CLANG_WARN_INFINITE_RECURSION = YES;
				CLANG_WARN_INT_CONVERSION = YES;
				CLANG_WARN_NON_LITERAL_NULL_CONVERSION = YES;
				CLANG_WARN_OBJC_IMPLICIT_RETAIN_SELF = YES;
				CLANG_WARN_OBJC_LITERAL_CONVERSION = YES;
				CLANG_WARN_OBJC_ROOT_CLASS = YES_ERROR;
				CLANG_WARN_QUOTED_INCLUDE_IN_FRAMEWORK_HEADER = YES;
				CLANG_WARN_RANGE_LOOP_ANALYSIS = YES;
				CLANG_WARN_STRICT_PROTOTYPES = YES;
				CLANG_WARN_SUSPICIOUS_MOVE = YES;
				CLANG_WARN_UNGUARDED_AVAILABILITY = YES_AGGRESSIVE;
				CLANG_WARN_UNREACHABLE_CODE = YES;
				CLANG_WARN__DUPLICATE_METHOD_MATCH = YES;
				COPY_PHASE_STRIP = NO;
				DEBUG_INFORMATION_FORMAT = "dwarf-with-dsym";
				DEVELOPMENT_TEAM = 59VU7DVLCC;
				ENABLE_NS_ASSERTIONS = NO;
				ENABLE_STRICT_OBJC_MSGSEND = YES;
				ENABLE_USER_SCRIPT_SANDBOXING = YES;
				GCC_C_LANGUAGE_STANDARD = gnu17;
				GCC_NO_COMMON_BLOCKS = YES;
				GCC_WARN_64_TO_32_BIT_CONVERSION = YES;
				GCC_WARN_ABOUT_RETURN_TYPE = YES_ERROR;
				GCC_WARN_UNDECLARED_SELECTOR = YES;
				GCC_WARN_UNINITIALIZED_AUTOS = YES_AGGRESSIVE;
				GCC_WARN_UNUSED_FUNCTION = YES;
				GCC_WARN_UNUSED_VARIABLE = YES;
				IPHONEOS_DEPLOYMENT_TARGET = 26.2;
				LOCALIZATION_PREFERS_STRING_CATALOGS = YES;
				MTL_ENABLE_DEBUG_INFO = NO;
				MTL_FAST_MATH = YES;
				SDKROOT = iphoneos;
				SWIFT_COMPILATION_MODE = wholemodule;
				VALIDATE_PRODUCT = YES;
			};
			name = Release;
		};
		9DB0A7C72F9CA62F00B68DCE /* Debug */ = {
			isa = XCBuildConfiguration;
			buildSettings = {
				BUNDLE_LOADER = "$(TEST_HOST)";
				CODE_SIGN_STYLE = Automatic;
				CURRENT_PROJECT_VERSION = 1;
				DEVELOPMENT_TEAM = 59VU7DVLCC;
				GENERATE_INFOPLIST_FILE = YES;
				IPHONEOS_DEPLOYMENT_TARGET = 26.2;
				MARKETING_VERSION = 1.0;
				PRODUCT_BUNDLE_IDENTIFIER = com.HAD.ThaeqatyTests;
				PRODUCT_NAME = "$(TARGET_NAME)";
				STRING_CATALOG_GENERATE_SYMBOLS = NO;
				SWIFT_APPROACHABLE_CONCURRENCY = YES;
				SWIFT_EMIT_LOC_STRINGS = NO;
				SWIFT_UPCOMING_FEATURE_MEMBER_IMPORT_VISIBILITY = YES;
				SWIFT_VERSION = 5.0;
				TARGETED_DEVICE_FAMILY = "1,2";
				TEST_HOST = "$(BUILT_PRODUCTS_DIR)/Thaeqaty.app/$(BUNDLE_EXECUTABLE_FOLDER_PATH)/Thaeqaty";
			};
			name = Debug;
		};
		9DB0A7C82F9CA62F00B68DCE /* Release */ = {
			isa = XCBuildConfiguration;
			buildSettings = {
				BUNDLE_LOADER = "$(TEST_HOST)";
				CODE_SIGN_STYLE = Automatic;
				CURRENT_PROJECT_VERSION = 1;
				DEVELOPMENT_TEAM = 59VU7DVLCC;
				GENERATE_INFOPLIST_FILE = YES;
				IPHONEOS_DEPLOYMENT_TARGET = 26.2;
				MARKETING_VERSION = 1.0;
				PRODUCT_BUNDLE_IDENTIFIER = com.HAD.ThaeqatyTests;
				PRODUCT_NAME = "$(TARGET_NAME)";
				STRING_CATALOG_GENERATE_SYMBOLS = NO;
				SWIFT_APPROACHABLE_CONCURRENCY = YES;
				SWIFT_EMIT_LOC_STRINGS = NO;
				SWIFT_UPCOMING_FEATURE_MEMBER_IMPORT_VISIBILITY = YES;
				SWIFT_VERSION = 5.0;
				TARGETED_DEVICE_FAMILY = "1,2";
				TEST_HOST = "$(BUILT_PRODUCTS_DIR)/Thaeqaty.app/$(BUNDLE_EXECUTABLE_FOLDER_PATH)/Thaeqaty";
			};
			name = Release;
		};
		9DB0A7CA2F9CA62F00B68DCE /* Debug */ = {
			isa = XCBuildConfiguration;
			buildSettings = {
				CODE_SIGN_STYLE = Automatic;
				CURRENT_PROJECT_VERSION = 1;
				DEVELOPMENT_TEAM = 59VU7DVLCC;
				GENERATE_INFOPLIST_FILE = YES;
				MARKETING_VERSION = 1.0;
				PRODUCT_BUNDLE_IDENTIFIER = com.HAD.ThaeqatyUITests;
				PRODUCT_NAME = "$(TARGET_NAME)";
				STRING_CATALOG_GENERATE_SYMBOLS = NO;
				SWIFT_APPROACHABLE_CONCURRENCY = YES;
				SWIFT_EMIT_LOC_STRINGS = NO;
				SWIFT_UPCOMING_FEATURE_MEMBER_IMPORT_VISIBILITY = YES;
				SWIFT_VERSION = 5.0;
				TARGETED_DEVICE_FAMILY = "1,2";
				TEST_TARGET_NAME = Thaeqaty;
			};
			name = Debug;
		};
		9DB0A7CB2F9CA62F00B68DCE /* Release */ = {
			isa = XCBuildConfiguration;
			buildSettings = {
				CODE_SIGN_STYLE = Automatic;
				CURRENT_PROJECT_VERSION = 1;
				DEVELOPMENT_TEAM = 59VU7DVLCC;
				GENERATE_INFOPLIST_FILE = YES;
				MARKETING_VERSION = 1.0;
				PRODUCT_BUNDLE_IDENTIFIER = com.HAD.ThaeqatyUITests;
				PRODUCT_NAME = "$(TARGET_NAME)";
				STRING_CATALOG_GENERATE_SYMBOLS = NO;
				SWIFT_APPROACHABLE_CONCURRENCY = YES;
				SWIFT_EMIT_LOC_STRINGS = NO;
				SWIFT_UPCOMING_FEATURE_MEMBER_IMPORT_VISIBILITY = YES;
				SWIFT_VERSION = 5.0;
				TARGETED_DEVICE_FAMILY = "1,2";
				TEST_TARGET_NAME = Thaeqaty;
			};
			name = Release;
		};
/* End XCBuildConfiguration section */

/* Begin XCConfigurationList section */
		9DB0A7902F9CA62C00B68DCE /* Build configuration list for PBXProject "Thaeqaty" */ = {
			isa = XCConfigurationList;
			buildConfigurations = (
				9DB0A7C42F9CA62F00B68DCE /* Debug */,
				9DB0A7C52F9CA62F00B68DCE /* Release */,
			);
			defaultConfigurationIsVisible = 0;
			defaultConfigurationName = Release;
		};
		9DB0A7C12F9CA62F00B68DCE /* Build configuration list for PBXNativeTarget "Thaeqaty" */ = {
			isa = XCConfigurationList;
			buildConfigurations = (
				9DB0A7C22F9CA62F00B68DCE /* Debug */,
				9DB0A7C32F9CA62F00B68DCE /* Release */,
			);
			defaultConfigurationIsVisible = 0;
			defaultConfigurationName = Release;
		};
		9DB0A7C62F9CA62F00B68DCE /* Build configuration list for PBXNativeTarget "ThaeqatyTests" */ = {
			isa = XCConfigurationList;
			buildConfigurations = (
				9DB0A7C72F9CA62F00B68DCE /* Debug */,
				9DB0A7C82F9CA62F00B68DCE /* Release */,
			);
			defaultConfigurationIsVisible = 0;
			defaultConfigurationName = Release;
		};
		9DB0A7C92F9CA62F00B68DCE /* Build configuration list for PBXNativeTarget "ThaeqatyUITests" */ = {
			isa = XCConfigurationList;
			buildConfigurations = (
				9DB0A7CA2F9CA62F00B68DCE /* Debug */,
				9DB0A7CB2F9CA62F00B68DCE /* Release */,
			);
			defaultConfigurationIsVisible = 0;
			defaultConfigurationName = Release;
		};
/* End XCConfigurationList section */
	};
	rootObject = 9DB0A78D2F9CA62C00B68DCE /* Project object */;
}
